// !$*UTF8*$!
{
	archiveVersion = 1;
	classes = {
	};
	objectVersion = 77;
	objects = {

/* Begin PBXBuildFile section */
		A47505802F418FCF00DD3C2B /* FirebaseAI in Frameworks */ = {isa = PBXBuildFile; productRef = A475057F2F418FCF00DD3C2B /* FirebaseAI */; };
		A47505822F418FCF00DD3C2B /* FirebaseAILogic in Frameworks */ = {isa = PBXBuildFile; productRef = A47505812F418FCF00DD3C2B /* FirebaseAILogic */; };
		A47505842F418FCF00DD3C2B /* FirebaseAnalytics in Frameworks */ = {isa = PBXBuildFile; productRef = A47505832F418FCF00DD3C2B /* FirebaseAnalytics */; };
		A47505862F418FCF00DD3C2B /* FirebaseAnalyticsCore in Frameworks */ = {isa = PBXBuildFile; productRef = A47505852F418FCF00DD3C2B /* FirebaseAnalyticsCore */; };
		A47505882F418FCF00DD3C2B /* FirebaseAnalyticsIdentitySupport in Frameworks */ = {isa = PBXBuildFile; productRef = A47505872F418FCF00DD3C2B /* FirebaseAnalyticsIdentitySupport */; };
		A475058A2F418FCF00DD3C2B /* FirebaseAppCheck in Frameworks */ = {isa = PBXBuildFile; productRef = A47505892F418FCF00DD3C2B /* FirebaseAppCheck */; };
		A475058C2F418FCF00DD3C2B /* FirebaseAppDistribution-Beta in Frameworks */ = {isa = PBXBuildFile; productRef = A475058B2F418FCF00DD3C2B /* FirebaseAppDistribution-Beta */; };
		A475058E2F418FCF00DD3C2B /* FirebaseAuth in Frameworks */ = {isa = PBXBuildFile; productRef = A475058D2F418FCF00DD3C2B /* FirebaseAuth */; };
		A47505902F418FCF00DD3C2B /* FirebaseAuthCombine-Community in Frameworks */ = {isa = PBXBuildFile; productRef = A475058F2F418FCF00DD3C2B /* FirebaseAuthCombine-Community */; };
		A47505922F418FCF00DD3C2B /* FirebaseCore in Frameworks */ = {isa = PBXBuildFile; productRef = A47505912F418FCF00DD3C2B /* FirebaseCore */; };
		A47505942F418FCF00DD3C2B /* FirebaseCrashlytics in Frameworks */ = {isa = PBXBuildFile; productRef = A47505932F418FCF00DD3C2B /* FirebaseCrashlytics */; };
		A47505962F418FCF00DD3C2B /* FirebaseDatabase in Frameworks */ = {isa = PBXBuildFile; productRef = A47505952F418FCF00DD3C2B /* FirebaseDatabase */; };
		A47505982F418FCF00DD3C2B /* FirebaseFirestore in Frameworks */ = {isa = PBXBuildFile; productRef = A47505972F418FCF00DD3C2B /* FirebaseFirestore */; };
		A475059A2F418FCF00DD3C2B /* FirebaseFirestoreCombine-Community in Frameworks */ = {isa = PBXBuildFile; productRef = A47505992F418FCF00DD3C2B /* FirebaseFirestoreCombine-Community */; };
		A475059C2F418FCF00DD3C2B /* FirebaseFunctions in Frameworks */ = {isa = PBXBuildFile; productRef = A475059B2F418FCF00DD3C2B /* FirebaseFunctions */; };
		A475059E2F418FCF00DD3C2B /* FirebaseFunctionsCombine-Community in Frameworks */ = {isa = PBXBuildFile; productRef = A475059D2F418FCF00DD3C2B /* FirebaseFunctionsCombine-Community */; };
		A47505A02F418FCF00DD3C2B /* FirebaseInAppMessaging-Beta in Frameworks */ = {isa = PBXBuildFile; productRef = A475059F2F418FCF00DD3C2B /* FirebaseInAppMessaging-Beta */; };
		A47505A22F418FCF00DD3C2B /* FirebaseInstallations in Frameworks */ = {isa = PBXBuildFile; productRef = A47505A12F418FCF00DD3C2B /* FirebaseInstallations */; };
		A47505A42F418FCF00DD3C2B /* FirebaseMLModelDownloader in Frameworks */ = {isa = PBXBuildFile; productRef = A47505A32F418FCF00DD3C2B /* FirebaseMLModelDownloader */; };
		A47505A62F418FCF00DD3C2B /* FirebaseMessaging in Frameworks */ = {isa = PBXBuildFile; productRef = A47505A52F418FCF00DD3C2B /* FirebaseMessaging */; };
		A47505A82F418FCF00DD3C2B /* FirebasePerformance in Frameworks */ = {isa = PBXBuildFile; productRef = A47505A72F418FCF00DD3C2B /* FirebasePerformance */; };
		A47505AA2F418FCF00DD3C2B /* FirebaseRemoteConfig in Frameworks */ = {isa = PBXBuildFile; productRef = A47505A92F418FCF00DD3C2B /* FirebaseRemoteConfig */; };
		A47505AC2F418FCF00DD3C2B /* FirebaseStorage in Frameworks */ = {isa = PBXBuildFile; productRef = A47505AB2F418FCF00DD3C2B /* FirebaseStorage */; };
		A47505AE2F418FCF00DD3C2B /* FirebaseStorageCombine-Community in Frameworks */ = {isa = PBXBuildFile; productRef = A47505AD2F418FCF00DD3C2B /* FirebaseStorageCombine-Community */; };
/* End PBXBuildFile section */

/* Begin PBXFileReference section */
		A491389A2F410F3D00A79648 /* defrost.app */ = {isa = PBXFileReference; explicitFileType = wrapper.application; includeInIndex = 0; path = defrost.app; sourceTree = BUILT_PRODUCTS_DIR; };
/* End PBXFileReference section */

/* Begin PBXFileSystemSynchronizedBuildFileExceptionSet section */
		81AE05CC2F41699F00779AA3 /* Exceptions for "defrost" folder in "defrost" target */ = {
			isa = PBXFileSystemSynchronizedBuildFileExceptionSet;
			membershipExceptions = (
				Info.plist,
			);
			target = A49138992F410F3D00A79648 /* defrost */;
		};
/* End PBXFileSystemSynchronizedBuildFileExceptionSet section */

/* Begin PBXFileSystemSynchronizedRootGroup section */
		A491389C2F410F3D00A79648 /* defrost */ = {
			isa = PBXFileSystemSynchronizedRootGroup;
			exceptions = (
				81AE05CC2F41699F00779AA3 /* Exceptions for "defrost" folder in "defrost" target */,
			);
			path = defrost;
			sourceTree = "<group>";
		};
/* End PBXFileSystemSynchronizedRootGroup section */

/* Begin PBXFrameworksBuildPhase section */
		A49138972F410F3D00A79648 /* Frameworks */ = {
			isa = PBXFrameworksBuildPhase;
			buildActionMask = 2147483647;
			files = (
				A475058C2F418FCF00DD3C2B /* FirebaseAppDistribution-Beta in Frameworks */,
				A47505982F418FCF00DD3C2B /* FirebaseFirestore in Frameworks */,
				A47505902F418FCF00DD3C2B /* FirebaseAuthCombine-Community in Frameworks */,
				A47505A22F418FCF00DD3C2B /* FirebaseInstallations in Frameworks */,
				A47505822F418FCF00DD3C2B /* FirebaseAILogic in Frameworks */,
				A47505882F418FCF00DD3C2B /* FirebaseAnalyticsIdentitySupport in Frameworks */,
				A47505A02F418FCF00DD3C2B /* FirebaseInAppMessaging-Beta in Frameworks */,
				A47505802F418FCF00DD3C2B /* FirebaseAI in Frameworks */,
				A47505942F418FCF00DD3C2B /* FirebaseCrashlytics in Frameworks */,
				A475059E2F418FCF00DD3C2B /* FirebaseFunctionsCombine-Community in Frameworks */,
				A47505AE2F418FCF00DD3C2B /* FirebaseStorageCombine-Community in Frameworks */,
				A47505962F418FCF00DD3C2B /* FirebaseDatabase in Frameworks */,
				A47505AC2F418FCF00DD3C2B /* FirebaseStorage in Frameworks */,
				A47505AA2F418FCF00DD3C2B /* FirebaseRemoteConfig in Frameworks */,
				A47505842F418FCF00DD3C2B /* FirebaseAnalytics in Frameworks */,
				A47505A62F418FCF00DD3C2B /* FirebaseMessaging in Frameworks */,
				A47505A42F418FCF00DD3C2B /* FirebaseMLModelDownloader in Frameworks */,
				A47505A82F418FCF00DD3C2B /* FirebasePerformance in Frameworks */,
				A47505922F418FCF00DD3C2B /* FirebaseCore in Frameworks */,
				A475058A2F418FCF00DD3C2B /* FirebaseAppCheck in Frameworks */,
				A47505862F418FCF00DD3C2B /* FirebaseAnalyticsCore in Frameworks */,
				A475059C2F418FCF00DD3C2B /* FirebaseFunctions in Frameworks */,
				A475058E2F418FCF00DD3C2B /* FirebaseAuth in Frameworks */,
				A475059A2F418FCF00DD3C2B /* FirebaseFirestoreCombine-Community in Frameworks */,
			);
			runOnlyForDeploymentPostprocessing = 0;
		};
/* End PBXFrameworksBuildPhase section */

/* Begin PBXGroup section */
		A49138912F410F3D00A79648 = {
			isa = PBXGroup;
			children = (
				A491389C2F410F3D00A79648 /* defrost */,
				A491389B2F410F3D00A79648 /* Products */,
			);
			sourceTree = "<group>";
		};
		A491389B2F410F3D00A79648 /* Products */ = {
			isa = PBXGroup;
			children = (
				A491389A2F410F3D00A79648 /* defrost.app */,
			);
			name = Products;
			sourceTree = "<group>";
		};
/* End PBXGroup section */

/* Begin PBXNativeTarget section */
		A49138992F410F3D00A79648 /* defrost */ = {
			isa = PBXNativeTarget;
			buildConfigurationList = A49138A52F410F3E00A79648 /* Build configuration list for PBXNativeTarget "defrost" */;
			buildPhases = (
				A49138962F410F3D00A79648 /* Sources */,
				A49138972F410F3D00A79648 /* Frameworks */,
				A49138982F410F3D00A79648 /* Resources */,
			);
			buildRules = (
			);
			dependencies = (
			);
			fileSystemSynchronizedGroups = (
				A491389C2F410F3D00A79648 /* defrost */,
			);
			name = defrost;
			packageProductDependencies = (
				A475057F2F418FCF00DD3C2B /* FirebaseAI */,
				A47505812F418FCF00DD3C2B /* FirebaseAILogic */,
				A47505832F418FCF00DD3C2B /* FirebaseAnalytics */,
				A47505852F418FCF00DD3C2B /* FirebaseAnalyticsCore */,
				A47505872F418FCF00DD3C2B /* FirebaseAnalyticsIdentitySupport */,
				A47505892F418FCF00DD3C2B /* FirebaseAppCheck */,
				A475058B2F418FCF00DD3C2B /* FirebaseAppDistribution-Beta */,
				A475058D2F418FCF00DD3C2B /* FirebaseAuth */,
				A475058F2F418FCF00DD3C2B /* FirebaseAuthCombine-Community */,
				A47505912F418FCF00DD3C2B /* FirebaseCore */,
				A47505932F418FCF00DD3C2B /* FirebaseCrashlytics */,
				A47505952F418FCF00DD3C2B /* FirebaseDatabase */,
				A47505972F418FCF00DD3C2B /* FirebaseFirestore */,
				A47505992F418FCF00DD3C2B /* FirebaseFirestoreCombine-Community */,
				A475059B2F418FCF00DD3C2B /* FirebaseFunctions */,
				A475059D2F418FCF00DD3C2B /* FirebaseFunctionsCombine-Community */,
				A475059F2F418FCF00DD3C2B /* FirebaseInAppMessaging-Beta */,
				A47505A12F418FCF00DD3C2B /* FirebaseInstallations */,
				A47505A32F418FCF00DD3C2B /* FirebaseMLModelDownloader */,
				A47505A52F418FCF00DD3C2B /* FirebaseMessaging */,
				A47505A72F418FCF00DD3C2B /* FirebasePerformance */,
				A47505A92F418FCF00DD3C2B /* FirebaseRemoteConfig */,
				A47505AB2F418FCF00DD3C2B /* FirebaseStorage */,
				A47505AD2F418FCF00DD3C2B /* FirebaseStorageCombine-Community */,
			);
			productName = defrost;
			productReference = A491389A2F410F3D00A79648 /* defrost.app */;
			productType = "com.apple.product-type.application";
		};
/* End PBXNativeTarget section */

/* Begin PBXProject section */
		A49138922F410F3D00A79648 /* Project object */ = {
			isa = PBXProject;
			attributes = {
				BuildIndependentTargetsInParallel = 1;
				LastSwiftUpdateCheck = 2620;
				LastUpgradeCheck = 2620;
				TargetAttributes = {
					A49138992F410F3D00A79648 = {
						CreatedOnToolsVersion = 26.2;
					};
				};
			};
			buildConfigurationList = A49138952F410F3D00A79648 /* Build configuration list for PBXProject "defrost" */;
			developmentRegion = en;
			hasScannedForEncodings = 0;
			knownRegions = (
				en,
				Base,
			);
			mainGroup = A49138912F410F3D00A79648;
			minimizedProjectReferenceProxies = 1;
			packageReferences = (
				A475057E2F418FCF00DD3C2B /* XCRemoteSwiftPackageReference "firebase-ios-sdk" */,
			);
			preferredProjectObjectVersion = 77;
			productRefGroup = A491389B2F410F3D00A79648 /* Products */;
			projectDirPath = "";
			projectRoot = "";
			targets = (
				A49138992F410F3D00A79648 /* defrost */,
			);
		};
/* End PBXProject section */

/* Begin PBXResourcesBuildPhase section */
		A49138982F410F3D00A79648 /* Resources */ = {
			isa = PBXResourcesBuildPhase;
			buildActionMask = 2147483647;
			files = (
			);
			runOnlyForDeploymentPostprocessing = 0;
		};
/* End PBXResourcesBuildPhase section */

/* Begin PBXSourcesBuildPhase section */
		A49138962F410F3D00A79648 /* Sources */ = {
			isa = PBXSourcesBuildPhase;
			buildActionMask = 2147483647;
			files = (
			);
			runOnlyForDeploymentPostprocessing = 0;
		};
/* End PBXSourcesBuildPhase section */

/* Begin XCBuildConfiguration section */
		A49138A32F410F3E00A79648 /* Debug */ = {
			isa = XCBuildConfiguration;
			buildSettings = {
				ALWAYS_SEARCH_USER_PATHS = NO;
				ASSETCATALOG_COMPILER_GENERATE_SWIFT_ASSET_SYMBOL_EXTENSIONS = YES;
				CLANG_ANALYZER_NONNULL = YES;
				CLANG_ANALYZER_NUMBER_OBJECT_CONVERSION = YES_AGGRESSIVE;
				CLANG_CXX_LANGUAGE_STANDARD = "gnu++20";
				CLANG_ENABLE_MODULES = YES;
				CLANG_ENABLE_OBJC_ARC = YES;
				CLANG_ENABLE_OBJC_WEAK = YES;
				CLANG_WARN_BLOCK_CAPTURE_AUTORELEASING = YES;
				CLANG_WARN_BOOL_CONVERSION = YES;
				CLANG_WARN_COMMA = YES;
				CLANG_WARN_CONSTANT_CONVERSION = YES;
				CLANG_WARN_DEPRECATED_OBJC_IMPLEMENTATIONS = YES;
				CLANG_WARN_DIRECT_OBJC_ISA_USAGE = YES_ERROR;
				CLANG_WARN_DOCUMENTATION_COMMENTS = YES;
				CLANG_WARN_EMPTY_BODY = YES;
				CLANG_WARN_ENUM_CONVERSION = YES;
				CLANG_WARN_INFINITE_RECURSION = YES;
				CLANG_WARN_INT_CONVERSION = YES;
				CLANG_WARN_NON_LITERAL_NULL_CONVERSION = YES;
				CLANG_WARN_OBJC_IMPLICIT_RETAIN_SELF = YES;
				CLANG_WARN_OBJC_LITERAL_CONVERSION = YES;
				CLANG_WARN_OBJC_ROOT_CLASS = YES_ERROR;
				CLANG_WARN_QUOTED_INCLUDE_IN_FRAMEWORK_HEADER = YES;
				CLANG_WARN_RANGE_LOOP_ANALYSIS = YES;
				CLANG_WARN_STRICT_PROTOTYPES = YES;
				CLANG_WARN_SUSPICIOUS_MOVE = YES;
				CLANG_WARN_UNGUARDED_AVAILABILITY = YES_AGGRESSIVE;
				CLANG_WARN_UNREACHABLE_CODE = YES;
				CLANG_WARN__DUPLICATE_METHOD_MATCH = YES;
				COPY_PHASE_STRIP = NO;
				DEBUG_INFORMATION_FORMAT = dwarf;
				ENABLE_STRICT_OBJC_MSGSEND = YES;
				ENABLE_TESTABILITY = YES;
				ENABLE_USER_SCRIPT_SANDBOXING = YES;
				GCC_C_LANGUAGE_STANDARD = gnu17;
				GCC_DYNAMIC_NO_PIC = NO;
				GCC_NO_COMMON_BLOCKS = YES;
				GCC_OPTIMIZATION_LEVEL = 0;
				GCC_PREPROCESSOR_DEFINITIONS = (
					"DEBUG=1",
					"$(inherited)",
				);
				GCC_WARN_64_TO_32_BIT_CONVERSION = YES;
				GCC_WARN_ABOUT_RETURN_TYPE = YES_ERROR;
				GCC_WARN_UNDECLARED_SELECTOR = YES;
				GCC_WARN_UNINITIALIZED_AUTOS = YES_AGGRESSIVE;
				GCC_WARN_UNUSED_FUNCTION = YES;
				GCC_WARN_UNUSED_VARIABLE = YES;
				IPHONEOS_DEPLOYMENT_TARGET = 26.2;
				LOCALIZATION_PREFERS_STRING_CATALOGS = YES;
				MTL_ENABLE_DEBUG_INFO = INCLUDE_SOURCE;
				MTL_FAST_MATH = YES;
				ONLY_ACTIVE_ARCH = YES;
				SDKROOT = iphoneos;
				SWIFT_ACTIVE_COMPILATION_CONDITIONS = "DEBUG $(inherited)";
				SWIFT_OPTIMIZATION_LEVEL = "-Onone";
			};
			name = Debug;
		};
		A49138A42F410F3E00A79648 /* Release */ = {
			isa = XCBuildConfiguration;
			buildSettings = {
				ALWAYS_SEARCH_USER_PATHS = NO;
				ASSETCATALOG_COMPILER_GENERATE_SWIFT_ASSET_SYMBOL_EXTENSIONS = YES;
				CLANG_ANALYZER_NONNULL = YES;
				CLANG_ANALYZER_NUMBER_OBJECT_CONVERSION = YES_AGGRESSIVE;
				CLANG_CXX_LANGUAGE_STANDARD = "gnu++20";
				CLANG_ENABLE_MODULES = YES;
				CLANG_ENABLE_OBJC_ARC = YES;
				CLANG_ENABLE_OBJC_WEAK = YES;
				CLANG_WARN_BLOCK_CAPTURE_AUTORELEASING = YES;
				CLANG_WARN_BOOL_CONVERSION = YES;
				CLANG_WARN_COMMA = YES;
				CLANG_WARN_CONSTANT_CONVERSION = YES;
				CLANG_WARN_DEPRECATED_OBJC_IMPLEMENTATIONS = YES;
				CLANG_WARN_DIRECT_OBJC_ISA_USAGE = YES_ERROR;
				CLANG_WARN_DOCUMENTATION_COMMENTS = YES;
				CLANG_WARN_EMPTY_BODY = YES;
				CLANG_WARN_ENUM_CONVERSION = YES;
				CLANG_WARN_INFINITE_RECURSION = YES;
				CLANG_WARN_INT_CONVERSION = YES;
				CLANG_WARN_NON_LITERAL_NULL_CONVERSION = YES;
				CLANG_WARN_OBJC_IMPLICIT_RETAIN_SELF = YES;
				CLANG_WARN_OBJC_LITERAL_CONVERSION = YES;
				CLANG_WARN_OBJC_ROOT_CLASS = YES_ERROR;
				CLANG_WARN_QUOTED_INCLUDE_IN_FRAMEWORK_HEADER = YES;
				CLANG_WARN_RANGE_LOOP_ANALYSIS = YES;
				CLANG_WARN_STRICT_PROTOTYPES = YES;
				CLANG_WARN_SUSPICIOUS_MOVE = YES;
				CLANG_WARN_UNGUARDED_AVAILABILITY = YES_AGGRESSIVE;
				CLANG_WARN_UNREACHABLE_CODE = YES;
				CLANG_WARN__DUPLICATE_METHOD_MATCH = YES;
				COPY_PHASE_STRIP = NO;
				DEBUG_INFORMATION_FORMAT = "dwarf-with-dsym";
				ENABLE_NS_ASSERTIONS = NO;
				ENABLE_STRICT_OBJC_MSGSEND = YES;
				ENABLE_USER_SCRIPT_SANDBOXING = YES;
				GCC_C_LANGUAGE_STANDARD = gnu17;
				GCC_NO_COMMON_BLOCKS = YES;
				GCC_WARN_64_TO_32_BIT_CONVERSION = YES;
				GCC_WARN_ABOUT_RETURN_TYPE = YES_ERROR;
				GCC_WARN_UNDECLARED_SELECTOR = YES;
				GCC_WARN_UNINITIALIZED_AUTOS = YES_AGGRESSIVE;
				GCC_WARN_UNUSED_FUNCTION = YES;
				GCC_WARN_UNUSED_VARIABLE = YES;
				IPHONEOS_DEPLOYMENT_TARGET = 26.2;
				LOCALIZATION_PREFERS_STRING_CATALOGS = YES;
				MTL_ENABLE_DEBUG_INFO = NO;
				MTL_FAST_MATH = YES;
				SDKROOT = iphoneos;
				SWIFT_COMPILATION_MODE = wholemodule;
				VALIDATE_PRODUCT = YES;
			};
			name = Release;
		};
		A49138A62F410F3E00A79648 /* Debug */ = {
			isa = XCBuildConfiguration;
			buildSettings = {
				ASSETCATALOG_COMPILER_APPICON_NAME = AppIcon;
				ASSETCATALOG_COMPILER_GLOBAL_ACCENT_COLOR_NAME = AccentColor;
				CODE_SIGN_STYLE = Automatic;
				CURRENT_PROJECT_VERSION = 1;
				DEVELOPMENT_TEAM = 656VZ34X6H;
				ENABLE_PREVIEWS = YES;
				GENERATE_INFOPLIST_FILE = YES;
				INFOPLIST_FILE = defrost/Info.plist;
				INFOPLIST_KEY_NSLocationAlwaysAndWhenInUseUsageDescription = "DEFROST uses your location to provide real-time safety alerts and document incidents.";
				INFOPLIST_KEY_NSLocationWhenInUseUsageDescription = "DEFROST requires your location to document incident reports accurately.";
				INFOPLIST_KEY_UIApplicationSceneManifest_Generation = YES;
				INFOPLIST_KEY_UIApplicationSupportsIndirectInputEvents = YES;
				INFOPLIST_KEY_UILaunchScreen_Generation = YES;
				INFOPLIST_KEY_UISupportedInterfaceOrientations_iPad = "UIInterfaceOrientationPortrait UIInterfaceOrientationPortraitUpsideDown UIInterfaceOrientationLandscapeLeft UIInterfaceOrientationLandscapeRight";
				INFOPLIST_KEY_UISupportedInterfaceOrientations_iPhone = "UIInterfaceOrientationPortrait UIInterfaceOrientationLandscapeLeft UIInterfaceOrientationLandscapeRight";
				LD_RUNPATH_SEARCH_PATHS = (
					"$(inherited)",
					"@executable_path/Frameworks",
				);
				MARKETING_VERSION = 1.0;
				PRODUCT_BUNDLE_IDENTIFIER = mahilmanoharan.defrostlol;
				PRODUCT_NAME = "$(TARGET_NAME)";
				STRING_CATALOG_GENERATE_SYMBOLS = YES;
				SWIFT_APPROACHABLE_CONCURRENCY = YES;
				SWIFT_DEFAULT_ACTOR_ISOLATION = MainActor;
				SWIFT_EMIT_LOC_STRINGS = YES;
				SWIFT_UPCOMING_FEATURE_MEMBER_IMPORT_VISIBILITY = YES;
				SWIFT_VERSION = 5.0;
				TARGETED_DEVICE_FAMILY = "1,2";
			};
			name = Debug;
		};
		A49138A72F410F3E00A79648 /* Release */ = {
			isa = XCBuildConfiguration;
			buildSettings = {
				ASSETCATALOG_COMPILER_APPICON_NAME = AppIcon;
				ASSETCATALOG_COMPILER_GLOBAL_ACCENT_COLOR_NAME = AccentColor;
				CODE_SIGN_STYLE = Automatic;
				CURRENT_PROJECT_VERSION = 1;
				DEVELOPMENT_TEAM = 656VZ34X6H;
				ENABLE_PREVIEWS = YES;
				GENERATE_INFOPLIST_FILE = YES;
				INFOPLIST_FILE = defrost/Info.plist;
				INFOPLIST_KEY_NSLocationAlwaysAndWhenInUseUsageDescription = "DEFROST uses your location to provide real-time safety alerts and document incidents.";
				INFOPLIST_KEY_NSLocationWhenInUseUsageDescription = "DEFROST requires your location to document incident reports accurately.";
				INFOPLIST_KEY_UIApplicationSceneManifest_Generation = YES;
				INFOPLIST_KEY_UIApplicationSupportsIndirectInputEvents = YES;
				INFOPLIST_KEY_UILaunchScreen_Generation = YES;
				INFOPLIST_KEY_UISupportedInterfaceOrientations_iPad = "UIInterfaceOrientationPortrait UIInterfaceOrientationPortraitUpsideDown UIInterfaceOrientationLandscapeLeft UIInterfaceOrientationLandscapeRight";
				INFOPLIST_KEY_UISupportedInterfaceOrientations_iPhone = "UIInterfaceOrientationPortrait UIInterfaceOrientationLandscapeLeft UIInterfaceOrientationLandscapeRight";
				LD_RUNPATH_SEARCH_PATHS = (
					"$(inherited)",
					"@executable_path/Frameworks",
				);
				MARKETING_VERSION = 1.0;
				PRODUCT_BUNDLE_IDENTIFIER = mahilmanoharan.defrostlol;
				PRODUCT_NAME = "$(TARGET_NAME)";
				STRING_CATALOG_GENERATE_SYMBOLS = YES;
				SWIFT_APPROACHABLE_CONCURRENCY = YES;
				SWIFT_DEFAULT_ACTOR_ISOLATION = MainActor;
				SWIFT_EMIT_LOC_STRINGS = YES;
				SWIFT_UPCOMING_FEATURE_MEMBER_IMPORT_VISIBILITY = YES;
				SWIFT_VERSION = 5.0;
				TARGETED_DEVICE_FAMILY = "1,2";
			};
			name = Release;
		};
/* End XCBuildConfiguration section */

/* Begin XCConfigurationList section */
		A49138952F410F3D00A79648 /* Build configuration list for PBXProject "defrost" */ = {
			isa = XCConfigurationList;
			buildConfigurations = (
				A49138A32F410F3E00A79648 /* Debug */,
				A49138A42F410F3E00A79648 /* Release */,
			);
			defaultConfigurationIsVisible = 0;
			defaultConfigurationName = Release;
		};
		A49138A52F410F3E00A79648 /* Build configuration list for PBXNativeTarget "defrost" */ = {
			isa = XCConfigurationList;
			buildConfigurations = (
				A49138A62F410F3E00A79648 /* Debug */,
				A49138A72F410F3E00A79648 /* Release */,
			);
			defaultConfigurationIsVisible = 0;
			defaultConfigurationName = Release;
		};
/* End XCConfigurationList section */

/* Begin XCRemoteSwiftPackageReference section */
		A475057E2F418FCF00DD3C2B /* XCRemoteSwiftPackageReference "firebase-ios-sdk" */ = {
			isa = XCRemoteSwiftPackageReference;
			repositoryURL = "https://github.com/firebase/firebase-ios-sdk";
			requirement = {
				kind = upToNextMajorVersion;
				minimumVersion = 12.9.0;
			};
		};
/* End XCRemoteSwiftPackageReference section */

/* Begin XCSwiftPackageProductDependency section */
		A475057F2F418FCF00DD3C2B /* FirebaseAI */ = {
			isa = XCSwiftPackageProductDependency;
			package = A475057E2F418FCF00DD3C2B /* XCRemoteSwiftPackageReference "firebase-ios-sdk" */;
			productName = FirebaseAI;
		};
		A47505812F418FCF00DD3C2B /* FirebaseAILogic */ = {
			isa = XCSwiftPackageProductDependency;
			package = A475057E2F418FCF00DD3C2B /* XCRemoteSwiftPackageReference "firebase-ios-sdk" */;
			productName = FirebaseAILogic;
		};
		A47505832F418FCF00DD3C2B /* FirebaseAnalytics */ = {
			isa = XCSwiftPackageProductDependency;
			package = A475057E2F418FCF00DD3C2B /* XCRemoteSwiftPackageReference "firebase-ios-sdk" */;
			productName = FirebaseAnalytics;
		};
		A47505852F418FCF00DD3C2B /* FirebaseAnalyticsCore */ = {
			isa = XCSwiftPackageProductDependency;
			package = A475057E2F418FCF00DD3C2B /* XCRemoteSwiftPackageReference "firebase-ios-sdk" */;
			productName = FirebaseAnalyticsCore;
		};
		A47505872F418FCF00DD3C2B /* FirebaseAnalyticsIdentitySupport */ = {
			isa = XCSwiftPackageProductDependency;
			package = A475057E2F418FCF00DD3C2B /* XCRemoteSwiftPackageReference "firebase-ios-sdk" */;
			productName = FirebaseAnalyticsIdentitySupport;
		};
		A47505892F418FCF00DD3C2B /* FirebaseAppCheck */ = {
			isa = XCSwiftPackageProductDependency;
			package = A475057E2F418FCF00DD3C2B /* XCRemoteSwiftPackageReference "firebase-ios-sdk" */;
			productName = FirebaseAppCheck;
		};
		A475058B2F418FCF00DD3C2B /* FirebaseAppDistribution-Beta */ = {
			isa = XCSwiftPackageProductDependency;
			package = A475057E2F418FCF00DD3C2B /* XCRemoteSwiftPackageReference "firebase-ios-sdk" */;
			productName = "FirebaseAppDistribution-Beta";
		};
		A475058D2F418FCF00DD3C2B /* FirebaseAuth */ = {
			isa = XCSwiftPackageProductDependency;
			package = A475057E2F418FCF00DD3C2B /* XCRemoteSwiftPackageReference "firebase-ios-sdk" */;
			productName = FirebaseAuth;
		};
		A475058F2F418FCF00DD3C2B /* FirebaseAuthCombine-Community */ = {
			isa = XCSwiftPackageProductDependency;
			package = A475057E2F418FCF00DD3C2B /* XCRemoteSwiftPackageReference "firebase-ios-sdk" */;
			productName = "FirebaseAuthCombine-Community";
		};
		A47505912F418FCF00DD3C2B /* FirebaseCore */ = {
			isa = XCSwiftPackageProductDependency;
			package = A475057E2F418FCF00DD3C2B /* XCRemoteSwiftPackageReference "firebase-ios-sdk" */;
			productName = FirebaseCore;
		};
		A47505932F418FCF00DD3C2B /* FirebaseCrashlytics */ = {
			isa = XCSwiftPackageProductDependency;
			package = A475057E2F418FCF00DD3C2B /* XCRemoteSwiftPackageReference "firebase-ios-sdk" */;
			productName = FirebaseCrashlytics;
		};
		A47505952F418FCF00DD3C2B /* FirebaseDatabase */ = {
			isa = XCSwiftPackageProductDependency;
			package = A475057E2F418FCF00DD3C2B /* XCRemoteSwiftPackageReference "firebase-ios-sdk" */;
			productName = FirebaseDatabase;
		};
		A47505972F418FCF00DD3C2B /* FirebaseFirestore */ = {
			isa = XCSwiftPackageProductDependency;
			package = A475057E2F418FCF00DD3C2B /* XCRemoteSwiftPackageReference "firebase-ios-sdk" */;
			productName = FirebaseFirestore;
		};
		A47505992F418FCF00DD3C2B /* FirebaseFirestoreCombine-Community */ = {
			isa = XCSwiftPackageProductDependency;
			package = A475057E2F418FCF00DD3C2B /* XCRemoteSwiftPackageReference "firebase-ios-sdk" */;
			productName = "FirebaseFirestoreCombine-Community";
		};
		A475059B2F418FCF00DD3C2B /* FirebaseFunctions */ = {
			isa = XCSwiftPackageProductDependency;
			package = A475057E2F418FCF00DD3C2B /* XCRemoteSwiftPackageReference "firebase-ios-sdk" */;
			productName = FirebaseFunctions;
		};
		A475059D2F418FCF00DD3C2B /* FirebaseFunctionsCombine-Community */ = {
			isa = XCSwiftPackageProductDependency;
			package = A475057E2F418FCF00DD3C2B /* XCRemoteSwiftPackageReference "firebase-ios-sdk" */;
			productName = "FirebaseFunctionsCombine-Community";
		};
		A475059F2F418FCF00DD3C2B /* FirebaseInAppMessaging-Beta */ = {
			isa = XCSwiftPackageProductDependency;
			package = A475057E2F418FCF00DD3C2B /* XCRemoteSwiftPackageReference "firebase-ios-sdk" */;
			productName = "FirebaseInAppMessaging-Beta";
		};
		A47505A12F418FCF00DD3C2B /* FirebaseInstallations */ = {
			isa = XCSwiftPackageProductDependency;
			package = A475057E2F418FCF00DD3C2B /* XCRemoteSwiftPackageReference "firebase-ios-sdk" */;
			productName = FirebaseInstallations;
		};
		A47505A32F418FCF00DD3C2B /* FirebaseMLModelDownloader */ = {
			isa = XCSwiftPackageProductDependency;
			package = A475057E2F418FCF00DD3C2B /* XCRemoteSwiftPackageReference "firebase-ios-sdk" */;
			productName = FirebaseMLModelDownloader;
		};
		A47505A52F418FCF00DD3C2B /* FirebaseMessaging */ = {
			isa = XCSwiftPackageProductDependency;
			package = A475057E2F418FCF00DD3C2B /* XCRemoteSwiftPackageReference "firebase-ios-sdk" */;
			productName = FirebaseMessaging;
		};
		A47505A72F418FCF00DD3C2B /* FirebasePerformance */ = {
			isa = XCSwiftPackageProductDependency;
			package = A475057E2F418FCF00DD3C2B /* XCRemoteSwiftPackageReference "firebase-ios-sdk" */;
			productName = FirebasePerformance;
		};
		A47505A92F418FCF00DD3C2B /* FirebaseRemoteConfig */ = {
			isa = XCSwiftPackageProductDependency;
			package = A475057E2F418FCF00DD3C2B /* XCRemoteSwiftPackageReference "firebase-ios-sdk" */;
			productName = FirebaseRemoteConfig;
		};
		A47505AB2F418FCF00DD3C2B /* FirebaseStorage */ = {
			isa = XCSwiftPackageProductDependency;
			package = A475057E2F418FCF00DD3C2B /* XCRemoteSwiftPackageReference "firebase-ios-sdk" */;
			productName = FirebaseStorage;
		};
		A47505AD2F418FCF00DD3C2B /* FirebaseStorageCombine-Community */ = {
			isa = XCSwiftPackageProductDependency;
			package = A475057E2F418FCF00DD3C2B /* XCRemoteSwiftPackageReference "firebase-ios-sdk" */;
			productName = "FirebaseStorageCombine-Community";
		};
/* End XCSwiftPackageProductDependency section */
	};
	rootObject = A49138922F410F3D00A79648 /* Project object */;
}
